# This file was autogenerated by Stack.
# You should not edit this file by hand.
# For more information, please see the documentation at:
#   https://docs.haskellstack.org/en/stable/lock_files

packages:
- completed:
    hackage: html-charset-0.1.0@sha256:0dca1097494d008599b71b519c160eb5e51808f9adc3da4942f7d05f99b83d1f,2314
    pantry-tree:
      sha256: bde99226dbcbd034874ac4d0409b0faa8078538a947910d7be943762162fc1f4
      size: 490
  original:
    hackage: html-charset-0.1.0@sha256:0dca1097494d008599b71b519c160eb5e51808f9adc3da4942f7d05f99b83d1f,2314
snapshots:
- completed:
    sha256: e176944bc843f740e05242fa7a66ca1f440c127e425254f7f1257f9b19add23f
    size: 712153
    url: https://raw.githubusercontent.com/commercialhaskell/stackage-snapshots/master/lts/22/0.yaml
  original: lts-22.0
