# This file was autogenerated by Stack.
# You should not edit this file by hand.
# For more information, please see the documentation at:
#   https://docs.haskellstack.org/en/stable/lock_files

packages:
- completed:
    hackage: html-charset-0.1.1@sha256:b2c4e9adae1257e2fd416e35a579b517986f9a6b4a9f1c1778a18a4033b097df,2219
    pantry-tree:
      sha256: d4514bd80d595fe23220b5aa5e9b7c9d7022033690e61ec9db14b083b4934b43
      size: 490
  original:
    hackage: html-charset-0.1.1@sha256:b2c4e9adae1257e2fd416e35a579b517986f9a6b4a9f1c1778a18a4033b097df,2219
- completed:
    name: iris
    pantry-tree:
      sha256: 5be894cdb14caf6945443cec595f7017980824df0542ee374ea6f01f0a8a97e4
      size: 3241
    sha256: 25cec8be728f7cb0252f2ec8a9f23d5aef310c7244c2902982f85cf087303899
    size: 17285162
    url: https://github.com/chshersh/iris/archive/f74e261a5b1c3a423f729e12030b17c9fc1dcbfe.tar.gz
    version: 0.1.0.0
  original:
    url: https://github.com/chshersh/iris/archive/f74e261a5b1c3a423f729e12030b17c9fc1dcbfe.tar.gz
snapshots:
- completed:
    sha256: a81fb3877c4f9031e1325eb3935122e608d80715dc16b586eb11ddbff8671ecd
    size: 640086
    url: https://raw.githubusercontent.com/commercialhaskell/stackage-snapshots/master/lts/21/25.yaml
  original: lts-21.25
